
Microsoft Visual Studio Solution File, Format Version 12.00
Project("{FAE04EC0-301F-11D3-BF4B-00C04F79EFBC}") = "Fuerza-Bruta", "Fuerza-Bruta\Fuerza-Bruta.csproj", "{398F4654-53E2-4DAB-A237-82460B589C19}"
EndProject
Global
	GlobalSection(SolutionConfigurationPlatforms) = preSolution
		Debug|Any CPU = Debug|Any CPU
		Release|Any CPU = Release|Any CPU
	EndGlobalSection
	GlobalSection(ProjectConfigurationPlatforms) = postSolution
		{398F4654-53E2-4DAB-A237-82460B589C19}.Debug|Any CPU.ActiveCfg = Debug|Any CPU
		{398F4654-53E2-4DAB-A237-82460B589C19}.Debug|Any CPU.Build.0 = Debug|Any CPU
		{398F4654-53E2-4DAB-A237-82460B589C19}.Release|Any CPU.ActiveCfg = Release|Any CPU
		{398F4654-53E2-4DAB-A237-82460B589C19}.Release|Any CPU.Build.0 = Release|Any CPU
	EndGlobalSection
EndGlobal
